
Microsoft Visual Studio Solution File, Format Version 12.00
# Visual Studio Version 17
VisualStudioVersion = 17.5.002.0
MinimumVisualStudioVersion = 10.0.40219.1
Project("{9A19103F-16F7-4668-BE54-9A1E7A4F7556}") = "fun_with_2D_array", "fun_with_2D_array.csproj", "{0242511E-DBFC-4754-8BEB-A9697FD0CAEE}"
EndProject
Global
	GlobalSection(SolutionConfigurationPlatforms) = preSolution
		Debug|Any CPU = Debug|Any CPU
		Release|Any CPU = Release|Any CPU
	EndGlobalSection
	GlobalSection(ProjectConfigurationPlatforms) = postSolution
		{0242511E-DBFC-4754-8BEB-A9697FD0CAEE}.Debug|Any CPU.ActiveCfg = Debug|Any CPU
		{0242511E-DBFC-4754-8BEB-A9697FD0CAEE}.Debug|Any CPU.Build.0 = Debug|Any CPU
		{0242511E-DBFC-4754-8BEB-A9697FD0CAEE}.Release|Any CPU.ActiveCfg = Release|Any CPU
		{0242511E-DBFC-4754-8BEB-A9697FD0CAEE}.Release|Any CPU.Build.0 = Release|Any CPU
	EndGlobalSection
	GlobalSection(SolutionProperties) = preSolution
		HideSolutionNode = FALSE
	EndGlobalSection
	GlobalSection(ExtensibilityGlobals) = postSolution
		SolutionGuid = {2001F20A-0BEE-4C8F-A370-D1E0807906CD}
	EndGlobalSection
EndGlobal
